
Microsoft Visual Studio Solution File, Format Version 12.00
# Visual Studio Version 16
VisualStudioVersion = 16.0.29318.209
MinimumVisualStudioVersion = 10.0.40219.1
Project("{9A19103F-16F7-4668-BE54-9A1E7A4F7556}") = "Mjolnir.Build", "src\Mjolnir.Build\Mjolnir.Build.csproj", "{71A653BF-E646-48F8-A9F7-72C4C53F6EC1}"
EndProject
Project("{9A19103F-16F7-4668-BE54-9A1E7A4F7556}") = "Build", "build\Build.csproj", "{448FFFB9-85C3-43D4-84E3-E062EE151900}"
EndProject
Project("{FAE04EC0-301F-11D3-BF4B-00C04F79EFBC}") = "Mjolnir.Build.Tests", "tests\Mjolnir.Build.Tests\Mjolnir.Build.Tests.csproj", "{622F0A92-2304-4493-85B4-75CE46D8CB57}"
EndProject
Global
	GlobalSection(SolutionConfigurationPlatforms) = preSolution
		Debug|Any CPU = Debug|Any CPU
		Debug|x64 = Debug|x64
		Debug|x86 = Debug|x86
		Release|Any CPU = Release|Any CPU
		Release|x64 = Release|x64
		Release|x86 = Release|x86
	EndGlobalSection
	GlobalSection(ProjectConfigurationPlatforms) = postSolution
		{71A653BF-E646-48F8-A9F7-72C4C53F6EC1}.Debug|Any CPU.ActiveCfg = Debug|Any CPU
		{71A653BF-E646-48F8-A9F7-72C4C53F6EC1}.Debug|Any CPU.Build.0 = Debug|Any CPU
		{71A653BF-E646-48F8-A9F7-72C4C53F6EC1}.Debug|x64.ActiveCfg = Debug|Any CPU
		{71A653BF-E646-48F8-A9F7-72C4C53F6EC1}.Debug|x64.Build.0 = Debug|Any CPU
		{71A653BF-E646-48F8-A9F7-72C4C53F6EC1}.Debug|x86.ActiveCfg = Debug|Any CPU
		{71A653BF-E646-48F8-A9F7-72C4C53F6EC1}.Debug|x86.Build.0 = Debug|Any CPU
		{71A653BF-E646-48F8-A9F7-72C4C53F6EC1}.Release|Any CPU.ActiveCfg = Release|Any CPU
		{71A653BF-E646-48F8-A9F7-72C4C53F6EC1}.Release|Any CPU.Build.0 = Release|Any CPU
		{71A653BF-E646-48F8-A9F7-72C4C53F6EC1}.Release|x64.ActiveCfg = Release|Any CPU
		{71A653BF-E646-48F8-A9F7-72C4C53F6EC1}.Release|x64.Build.0 = Release|Any CPU
		{71A653BF-E646-48F8-A9F7-72C4C53F6EC1}.Release|x86.ActiveCfg = Release|Any CPU
		{71A653BF-E646-48F8-A9F7-72C4C53F6EC1}.Release|x86.Build.0 = Release|Any CPU
		{448FFFB9-85C3-43D4-84E3-E062EE151900}.Debug|Any CPU.ActiveCfg = Debug|Any CPU
		{448FFFB9-85C3-43D4-84E3-E062EE151900}.Debug|x64.ActiveCfg = Debug|Any CPU
		{448FFFB9-85C3-43D4-84E3-E062EE151900}.Debug|x64.Build.0 = Debug|Any CPU
		{448FFFB9-85C3-43D4-84E3-E062EE151900}.Debug|x86.ActiveCfg = Debug|Any CPU
		{448FFFB9-85C3-43D4-84E3-E062EE151900}.Debug|x86.Build.0 = Debug|Any CPU
		{448FFFB9-85C3-43D4-84E3-E062EE151900}.Release|Any CPU.ActiveCfg = Release|Any CPU
		{448FFFB9-85C3-43D4-84E3-E062EE151900}.Release|x64.ActiveCfg = Release|Any CPU
		{448FFFB9-85C3-43D4-84E3-E062EE151900}.Release|x64.Build.0 = Release|Any CPU
		{448FFFB9-85C3-43D4-84E3-E062EE151900}.Release|x86.ActiveCfg = Release|Any CPU
		{448FFFB9-85C3-43D4-84E3-E062EE151900}.Release|x86.Build.0 = Release|Any CPU
		{622F0A92-2304-4493-85B4-75CE46D8CB57}.Debug|Any CPU.ActiveCfg = Debug|Any CPU
		{622F0A92-2304-4493-85B4-75CE46D8CB57}.Debug|Any CPU.Build.0 = Debug|Any CPU
		{622F0A92-2304-4493-85B4-75CE46D8CB57}.Debug|x64.ActiveCfg = Debug|Any CPU
		{622F0A92-2304-4493-85B4-75CE46D8CB57}.Debug|x64.Build.0 = Debug|Any CPU
		{622F0A92-2304-4493-85B4-75CE46D8CB57}.Debug|x86.ActiveCfg = Debug|Any CPU
		{622F0A92-2304-4493-85B4-75CE46D8CB57}.Debug|x86.Build.0 = Debug|Any CPU
		{622F0A92-2304-4493-85B4-75CE46D8CB57}.Release|Any CPU.ActiveCfg = Release|Any CPU
		{622F0A92-2304-4493-85B4-75CE46D8CB57}.Release|Any CPU.Build.0 = Release|Any CPU
		{622F0A92-2304-4493-85B4-75CE46D8CB57}.Release|x64.ActiveCfg = Release|Any CPU
		{622F0A92-2304-4493-85B4-75CE46D8CB57}.Release|x64.Build.0 = Release|Any CPU
		{622F0A92-2304-4493-85B4-75CE46D8CB57}.Release|x86.ActiveCfg = Release|Any CPU
		{622F0A92-2304-4493-85B4-75CE46D8CB57}.Release|x86.Build.0 = Release|Any CPU
	EndGlobalSection
	GlobalSection(SolutionProperties) = preSolution
		HideSolutionNode = FALSE
	EndGlobalSection
	GlobalSection(ExtensibilityGlobals) = postSolution
		SolutionGuid = {437A6FAD-E82B-4F41-B542-66840FA90FB0}
	EndGlobalSection
EndGlobal
